
Microsoft Visual Studio Solution File, Format Version 12.00
# Visual Studio Version 17
VisualStudioVersion = 17.1.32407.343
MinimumVisualStudioVersion = 10.0.40219.1
Project("{FAE04EC0-301F-11D3-BF4B-00C04F79EFBC}") = "HomeFinancialControl.Android", "HomeFinancialControl\HomeFinancialControl.Android\HomeFinancialControl.Android.csproj", "{9F408A2F-5F25-434A-8AAD-C0512A50A480}"
EndProject
Project("{FAE04EC0-301F-11D3-BF4B-00C04F79EFBC}") = "HomeFinancialControl", "HomeFinancialControl\HomeFinancialControl\HomeFinancialControl.csproj", "{2ED36DB3-928B-4D3C-8845-75F5D34E2B3B}"
EndProject
Global
	GlobalSection(SolutionConfigurationPlatforms) = preSolution
		Debug|Any CPU = Debug|Any CPU
		Release|Any CPU = Release|Any CPU
	EndGlobalSection
	GlobalSection(ProjectConfigurationPlatforms) = postSolution
		{9F408A2F-5F25-434A-8AAD-C0512A50A480}.Debug|Any CPU.ActiveCfg = Debug|Any CPU
		{9F408A2F-5F25-434A-8AAD-C0512A50A480}.Debug|Any CPU.Build.0 = Debug|Any CPU
		{9F408A2F-5F25-434A-8AAD-C0512A50A480}.Debug|Any CPU.Deploy.0 = Debug|Any CPU
		{9F408A2F-5F25-434A-8AAD-C0512A50A480}.Release|Any CPU.ActiveCfg = Release|Any CPU
		{9F408A2F-5F25-434A-8AAD-C0512A50A480}.Release|Any CPU.Build.0 = Release|Any CPU
		{9F408A2F-5F25-434A-8AAD-C0512A50A480}.Release|Any CPU.Deploy.0 = Release|Any CPU
		{2ED36DB3-928B-4D3C-8845-75F5D34E2B3B}.Debug|Any CPU.ActiveCfg = Debug|Any CPU
		{2ED36DB3-928B-4D3C-8845-75F5D34E2B3B}.Debug|Any CPU.Build.0 = Debug|Any CPU
		{2ED36DB3-928B-4D3C-8845-75F5D34E2B3B}.Release|Any CPU.ActiveCfg = Release|Any CPU
		{2ED36DB3-928B-4D3C-8845-75F5D34E2B3B}.Release|Any CPU.Build.0 = Release|Any CPU
	EndGlobalSection
	GlobalSection(SolutionProperties) = preSolution
		HideSolutionNode = FALSE
	EndGlobalSection
	GlobalSection(ExtensibilityGlobals) = postSolution
		SolutionGuid = {863752AC-D380-4BAD-8B2E-A6063458BAAB}
	EndGlobalSection
EndGlobal
